
Microsoft Visual Studio Solution File, Format Version 12.00
# Visual Studio 15
VisualStudioVersion = 15.0.28307.645
MinimumVisualStudioVersion = 10.0.40219.1
Project("{FAE04EC0-301F-11D3-BF4B-00C04F79EFBC}") = "Logic Plan6 SWOODARD", "Logic Plan6 SWOODARD\Logic Plan6 SWOODARD.csproj", "{11B7F243-9C60-49BA-950E-0A6B82F03E3E}"
EndProject
Global
	GlobalSection(SolutionConfigurationPlatforms) = preSolution
		Debug|Any CPU = Debug|Any CPU
		Release|Any CPU = Release|Any CPU
	EndGlobalSection
	GlobalSection(ProjectConfigurationPlatforms) = postSolution
		{11B7F243-9C60-49BA-950E-0A6B82F03E3E}.Debug|Any CPU.ActiveCfg = Debug|Any CPU
		{11B7F243-9C60-49BA-950E-0A6B82F03E3E}.Debug|Any CPU.Build.0 = Debug|Any CPU
		{11B7F243-9C60-49BA-950E-0A6B82F03E3E}.Release|Any CPU.ActiveCfg = Release|Any CPU
		{11B7F243-9C60-49BA-950E-0A6B82F03E3E}.Release|Any CPU.Build.0 = Release|Any CPU
	EndGlobalSection
	GlobalSection(SolutionProperties) = preSolution
		HideSolutionNode = FALSE
	EndGlobalSection
	GlobalSection(ExtensibilityGlobals) = postSolution
		SolutionGuid = {41B978B5-859F-4A98-B8D5-4D0AC76B7F56}
	EndGlobalSection
EndGlobal
